PODS:
  - ReactiveCocoa (4.0.0):
    - ReactiveCocoa/UI (= 4.0.0)
    - Result (~> 1.0.1)
  - ReactiveCocoa/Core (4.0.0):
    - ReactiveCocoa/no-arc
    - Result (~> 1.0.1)
  - ReactiveCocoa/no-arc (4.0.0):
    - Result (~> 1.0.1)
  - ReactiveCocoa/UI (4.0.0):
    - ReactiveCocoa/Core
    - Result (~> 1.0.1)
  - Result (1.0.2)

DEPENDENCIES:
  - ReactiveCocoa (= 4.0.0)

SPEC CHECKSUMS:
  ReactiveCocoa: 69be555be30674b07a86b60a91b855063841acc0
  Result: dd3dd71af3fa2e262f1a999e14fba2c25ec14f16

PODFILE CHECKSUM: b97df56aa811f0ef40d95b33bb3bdc2ecf3bbcbf

COCOAPODS: 1.0.0.beta.2
